
Microsoft Visual Studio Solution File, Format Version 12.00
# Visual Studio Version 16
VisualStudioVersion = 16.0.30002.166
MinimumVisualStudioVersion = 10.0.40219.1
Project("{FAE04EC0-301F-11D3-BF4B-00C04F79EFBC}") = "WEB", "WEB\WEB.csproj", "{AFA19490-A831-4A0F-9246-A5D1135F24D4}"
EndProject
Project("{FAE04EC0-301F-11D3-BF4B-00C04F79EFBC}") = "DTO", "DTO\DTO.csproj", "{B726DE89-AE5F-4985-A6EE-2042A3E4A461}"
EndProject
Project("{FAE04EC0-301F-11D3-BF4B-00C04F79EFBC}") = "DAO", "DAO\DAO.csproj", "{A220650A-2F30-4416-B2B1-BE792CE24D54}"
EndProject
Project("{FAE04EC0-301F-11D3-BF4B-00C04F79EFBC}") = "CTR", "CTR\CTR.csproj", "{AC56A48C-F0B4-4D8D-9F95-17089EA9E834}"
EndProject
Global
	GlobalSection(SolutionConfigurationPlatforms) = preSolution
		Debug|Any CPU = Debug|Any CPU
		Release|Any CPU = Release|Any CPU
	EndGlobalSection
	GlobalSection(ProjectConfigurationPlatforms) = postSolution
		{AFA19490-A831-4A0F-9246-A5D1135F24D4}.Debug|Any CPU.ActiveCfg = Debug|Any CPU
		{AFA19490-A831-4A0F-9246-A5D1135F24D4}.Debug|Any CPU.Build.0 = Debug|Any CPU
		{AFA19490-A831-4A0F-9246-A5D1135F24D4}.Release|Any CPU.ActiveCfg = Release|Any CPU
		{AFA19490-A831-4A0F-9246-A5D1135F24D4}.Release|Any CPU.Build.0 = Release|Any CPU
		{B726DE89-AE5F-4985-A6EE-2042A3E4A461}.Debug|Any CPU.ActiveCfg = Debug|Any CPU
		{B726DE89-AE5F-4985-A6EE-2042A3E4A461}.Debug|Any CPU.Build.0 = Debug|Any CPU
		{B726DE89-AE5F-4985-A6EE-2042A3E4A461}.Release|Any CPU.ActiveCfg = Release|Any CPU
		{B726DE89-AE5F-4985-A6EE-2042A3E4A461}.Release|Any CPU.Build.0 = Release|Any CPU
		{A220650A-2F30-4416-B2B1-BE792CE24D54}.Debug|Any CPU.ActiveCfg = Debug|Any CPU
		{A220650A-2F30-4416-B2B1-BE792CE24D54}.Debug|Any CPU.Build.0 = Debug|Any CPU
		{A220650A-2F30-4416-B2B1-BE792CE24D54}.Release|Any CPU.ActiveCfg = Release|Any CPU
		{A220650A-2F30-4416-B2B1-BE792CE24D54}.Release|Any CPU.Build.0 = Release|Any CPU
		{AC56A48C-F0B4-4D8D-9F95-17089EA9E834}.Debug|Any CPU.ActiveCfg = Debug|Any CPU
		{AC56A48C-F0B4-4D8D-9F95-17089EA9E834}.Debug|Any CPU.Build.0 = Debug|Any CPU
		{AC56A48C-F0B4-4D8D-9F95-17089EA9E834}.Release|Any CPU.ActiveCfg = Release|Any CPU
		{AC56A48C-F0B4-4D8D-9F95-17089EA9E834}.Release|Any CPU.Build.0 = Release|Any CPU
	EndGlobalSection
	GlobalSection(SolutionProperties) = preSolution
		HideSolutionNode = FALSE
	EndGlobalSection
	GlobalSection(ExtensibilityGlobals) = postSolution
		SolutionGuid = {285E797C-814C-4D45-84A0-A6014DA9A37C}
	EndGlobalSection
EndGlobal
